
Microsoft Visual Studio Solution File, Format Version 12.00
# Visual Studio 2013
VisualStudioVersion = 12.0.30723.0
MinimumVisualStudioVersion = 10.0.40219.1
Project("{FAE04EC0-301F-11D3-BF4B-00C04F79EFBC}") = "RedirectModule.Web", "RedirectModule.Web\RedirectModule.Web.csproj", "{F45141C5-FEA9-44C6-B2F8-14509FD27DF3}"
EndProject
Project("{FAE04EC0-301F-11D3-BF4B-00C04F79EFBC}") = "Twins.Redirect", "Twins.Redirect\Twins.Redirect.csproj", "{7C17C54F-7377-4D70-B400-ED17766AE2E1}"
EndProject
Global
	GlobalSection(SolutionConfigurationPlatforms) = preSolution
		Debug|Any CPU = Debug|Any CPU
		Release|Any CPU = Release|Any CPU
	EndGlobalSection
	GlobalSection(ProjectConfigurationPlatforms) = postSolution
		{F45141C5-FEA9-44C6-B2F8-14509FD27DF3}.Debug|Any CPU.ActiveCfg = Debug|Any CPU
		{F45141C5-FEA9-44C6-B2F8-14509FD27DF3}.Debug|Any CPU.Build.0 = Debug|Any CPU
		{F45141C5-FEA9-44C6-B2F8-14509FD27DF3}.Release|Any CPU.ActiveCfg = Release|Any CPU
		{F45141C5-FEA9-44C6-B2F8-14509FD27DF3}.Release|Any CPU.Build.0 = Release|Any CPU
		{7C17C54F-7377-4D70-B400-ED17766AE2E1}.Debug|Any CPU.ActiveCfg = Debug|Any CPU
		{7C17C54F-7377-4D70-B400-ED17766AE2E1}.Debug|Any CPU.Build.0 = Debug|Any CPU
		{7C17C54F-7377-4D70-B400-ED17766AE2E1}.Release|Any CPU.ActiveCfg = Release|Any CPU
		{7C17C54F-7377-4D70-B400-ED17766AE2E1}.Release|Any CPU.Build.0 = Release|Any CPU
	EndGlobalSection
	GlobalSection(SolutionProperties) = preSolution
		HideSolutionNode = FALSE
	EndGlobalSection
EndGlobal
